// !$*UTF8*$!
{
	archiveVersion = 1;
	classes = {
	};
	objectVersion = 56;
	objects = {

/* Begin PBXBuildFile section */
		2B69285C2AA8750D007166E2 /* DetailView.swift in Sources */ = {isa = PBXBuildFile; fileRef = 2B69285B2AA8750D007166E2 /* DetailView.swift */; };
		2B69285E2AA87C44007166E2 /* CreditsView.swift in Sources */ = {isa = PBXBuildFile; fileRef = 2B69285D2AA87C44007166E2 /* CreditsView.swift */; };
		2B6928612AA87CA6007166E2 /* HeaderView.swift in Sources */ = {isa = PBXBuildFile; fileRef = 2B6928602AA87CA6007166E2 /* HeaderView.swift */; };
		2B8F97E32AA7F34900616200 /* Notes Watch App.app in Embed Watch Content */ = {isa = PBXBuildFile; fileRef = 2B8F97E22AA7F34900616200 /* Notes Watch App.app */; settings = {ATTRIBUTES = (RemoveHeadersOnCopy, ); }; };
		2B8F97E82AA7F34900616200 /* NotesApp.swift in Sources */ = {isa = PBXBuildFile; fileRef = 2B8F97E72AA7F34900616200 /* NotesApp.swift */; };
		2B8F97EA2AA7F34900616200 /* ContentView.swift in Sources */ = {isa = PBXBuildFile; fileRef = 2B8F97E92AA7F34900616200 /* ContentView.swift */; };
		2B8F97EC2AA7F34A00616200 /* Assets.xcassets in Resources */ = {isa = PBXBuildFile; fileRef = 2B8F97EB2AA7F34A00616200 /* Assets.xcassets */; };
		2B8F97EF2AA7F34A00616200 /* Preview Assets.xcassets in Resources */ = {isa = PBXBuildFile; fileRef = 2B8F97EE2AA7F34A00616200 /* Preview Assets.xcassets */; };
		2B8F97FD2AA831AC00616200 /* Note.swift in Sources */ = {isa = PBXBuildFile; fileRef = 2B8F97FC2AA831AC00616200 /* Note.swift */; };
		2B9889922AA8832F00A4CAA4 /* SettingView.swift in Sources */ = {isa = PBXBuildFile; fileRef = 2B9889912AA8832F00A4CAA4 /* SettingView.swift */; };
/* End PBXBuildFile section */

/* Begin PBXContainerItemProxy section */
		2B8F97E42AA7F34900616200 /* PBXContainerItemProxy */ = {
			isa = PBXContainerItemProxy;
			containerPortal = 2B8F97D62AA7F34800616200 /* Project object */;
			proxyType = 1;
			remoteGlobalIDString = 2B8F97E12AA7F34800616200;
			remoteInfo = "Notes Watch App";
		};
/* End PBXContainerItemProxy section */

/* Begin PBXCopyFilesBuildPhase section */
		2B8F97F52AA7F34A00616200 /* Embed Watch Content */ = {
			isa = PBXCopyFilesBuildPhase;
			buildActionMask = 2147483647;
			dstPath = "$(CONTENTS_FOLDER_PATH)/Watch";
			dstSubfolderSpec = 16;
			files = (
				2B8F97E32AA7F34900616200 /* Notes Watch App.app in Embed Watch Content */,
			);
			name = "Embed Watch Content";
			runOnlyForDeploymentPostprocessing = 0;
		};
/* End PBXCopyFilesBuildPhase section */

/* Begin PBXFileReference section */
		2B69285B2AA8750D007166E2 /* DetailView.swift */ = {isa = PBXFileReference; lastKnownFileType = sourcecode.swift; path = DetailView.swift; sourceTree = "<group>"; };
		2B69285D2AA87C44007166E2 /* CreditsView.swift */ = {isa = PBXFileReference; lastKnownFileType = sourcecode.swift; path = CreditsView.swift; sourceTree = "<group>"; };
		2B6928602AA87CA6007166E2 /* HeaderView.swift */ = {isa = PBXFileReference; lastKnownFileType = sourcecode.swift; path = HeaderView.swift; sourceTree = "<group>"; };
		2B8F97DC2AA7F34800616200 /* Notes.app */ = {isa = PBXFileReference; explicitFileType = wrapper.application; includeInIndex = 0; path = Notes.app; sourceTree = BUILT_PRODUCTS_DIR; };
		2B8F97E22AA7F34900616200 /* Notes Watch App.app */ = {isa = PBXFileReference; explicitFileType = wrapper.application; includeInIndex = 0; path = "Notes Watch App.app"; sourceTree = BUILT_PRODUCTS_DIR; };
		2B8F97E72AA7F34900616200 /* NotesApp.swift */ = {isa = PBXFileReference; lastKnownFileType = sourcecode.swift; path = NotesApp.swift; sourceTree = "<group>"; };
		2B8F97E92AA7F34900616200 /* ContentView.swift */ = {isa = PBXFileReference; lastKnownFileType = sourcecode.swift; path = ContentView.swift; sourceTree = "<group>"; };
		2B8F97EB2AA7F34A00616200 /* Assets.xcassets */ = {isa = PBXFileReference; lastKnownFileType = folder.assetcatalog; path = Assets.xcassets; sourceTree = "<group>"; };
		2B8F97EE2AA7F34A00616200 /* Preview Assets.xcassets */ = {isa = PBXFileReference; lastKnownFileType = folder.assetcatalog; path = "Preview Assets.xcassets"; sourceTree = "<group>"; };
		2B8F97F92AA830B400616200 /* Notes-Watch-App-Info.plist */ = {isa = PBXFileReference; lastKnownFileType = text.plist; path = "Notes-Watch-App-Info.plist"; sourceTree = SOURCE_ROOT; };
		2B8F97FC2AA831AC00616200 /* Note.swift */ = {isa = PBXFileReference; lastKnownFileType = sourcecode.swift; path = Note.swift; sourceTree = "<group>"; };
		2B9889912AA8832F00A4CAA4 /* SettingView.swift */ = {isa = PBXFileReference; lastKnownFileType = sourcecode.swift; path = SettingView.swift; sourceTree = "<group>"; };
/* End PBXFileReference section */

/* Begin PBXFrameworksBuildPhase section */
		2B8F97DF2AA7F34800616200 /* Frameworks */ = {
			isa = PBXFrameworksBuildPhase;
			buildActionMask = 2147483647;
			files = (
			);
			runOnlyForDeploymentPostprocessing = 0;
		};
/* End PBXFrameworksBuildPhase section */

/* Begin PBXGroup section */
		2B69285F2AA87C95007166E2 /* Component */ = {
			isa = PBXGroup;
			children = (
				2B6928602AA87CA6007166E2 /* HeaderView.swift */,
			);
			path = Component;
			sourceTree = "<group>";
		};
		2B8F97D52AA7F34800616200 = {
			isa = PBXGroup;
			children = (
				2B8F97E62AA7F34900616200 /* Notes Watch App */,
				2B8F97DD2AA7F34800616200 /* Products */,
			);
			sourceTree = "<group>";
		};
		2B8F97DD2AA7F34800616200 /* Products */ = {
			isa = PBXGroup;
			children = (
				2B8F97DC2AA7F34800616200 /* Notes.app */,
				2B8F97E22AA7F34900616200 /* Notes Watch App.app */,
			);
			name = Products;
			sourceTree = "<group>";
		};
		2B8F97E62AA7F34900616200 /* Notes Watch App */ = {
			isa = PBXGroup;
			children = (
				2B69285F2AA87C95007166E2 /* Component */,
				2B8F97FB2AA831A000616200 /* Model */,
				2B8F97F92AA830B400616200 /* Notes-Watch-App-Info.plist */,
				2B8F97E72AA7F34900616200 /* NotesApp.swift */,
				2B8F97FA2AA8319700616200 /* View */,
				2B8F97EB2AA7F34A00616200 /* Assets.xcassets */,
				2B8F97ED2AA7F34A00616200 /* Preview Content */,
			);
			path = "Notes Watch App";
			sourceTree = "<group>";
		};
		2B8F97ED2AA7F34A00616200 /* Preview Content */ = {
			isa = PBXGroup;
			children = (
				2B8F97EE2AA7F34A00616200 /* Preview Assets.xcassets */,
			);
			path = "Preview Content";
			sourceTree = "<group>";
		};
		2B8F97FA2AA8319700616200 /* View */ = {
			isa = PBXGroup;
			children = (
				2B8F97E92AA7F34900616200 /* ContentView.swift */,
				2B69285B2AA8750D007166E2 /* DetailView.swift */,
				2B69285D2AA87C44007166E2 /* CreditsView.swift */,
				2B9889912AA8832F00A4CAA4 /* SettingView.swift */,
			);
			path = View;
			sourceTree = "<group>";
		};
		2B8F97FB2AA831A000616200 /* Model */ = {
			isa = PBXGroup;
			children = (
				2B8F97FC2AA831AC00616200 /* Note.swift */,
			);
			path = Model;
			sourceTree = "<group>";
		};
/* End PBXGroup section */

/* Begin PBXNativeTarget section */
		2B8F97DB2AA7F34800616200 /* Notes */ = {
			isa = PBXNativeTarget;
			buildConfigurationList = 2B8F97F62AA7F34A00616200 /* Build configuration list for PBXNativeTarget "Notes" */;
			buildPhases = (
				2B8F97DA2AA7F34800616200 /* Resources */,
				2B8F97F52AA7F34A00616200 /* Embed Watch Content */,
			);
			buildRules = (
			);
			dependencies = (
				2B8F97E52AA7F34900616200 /* PBXTargetDependency */,
			);
			name = Notes;
			productName = Notes;
			productReference = 2B8F97DC2AA7F34800616200 /* Notes.app */;
			productType = "com.apple.product-type.application.watchapp2-container";
		};
		2B8F97E12AA7F34800616200 /* Notes Watch App */ = {
			isa = PBXNativeTarget;
			buildConfigurationList = 2B8F97F22AA7F34A00616200 /* Build configuration list for PBXNativeTarget "Notes Watch App" */;
			buildPhases = (
				2B8F97DE2AA7F34800616200 /* Sources */,
				2B8F97DF2AA7F34800616200 /* Frameworks */,
				2B8F97E02AA7F34800616200 /* Resources */,
			);
			buildRules = (
			);
			dependencies = (
			);
			name = "Notes Watch App";
			productName = "Notes Watch App";
			productReference = 2B8F97E22AA7F34900616200 /* Notes Watch App.app */;
			productType = "com.apple.product-type.application";
		};
/* End PBXNativeTarget section */

/* Begin PBXProject section */
		2B8F97D62AA7F34800616200 /* Project object */ = {
			isa = PBXProject;
			attributes = {
				BuildIndependentTargetsInParallel = 1;
				LastSwiftUpdateCheck = 1430;
				LastUpgradeCheck = 1430;
				TargetAttributes = {
					2B8F97DB2AA7F34800616200 = {
						CreatedOnToolsVersion = 14.3.1;
					};
					2B8F97E12AA7F34800616200 = {
						CreatedOnToolsVersion = 14.3.1;
					};
				};
			};
			buildConfigurationList = 2B8F97D92AA7F34800616200 /* Build configuration list for PBXProject "Notes" */;
			compatibilityVersion = "Xcode 14.0";
			developmentRegion = en;
			hasScannedForEncodings = 0;
			knownRegions = (
				en,
				Base,
			);
			mainGroup = 2B8F97D52AA7F34800616200;
			productRefGroup = 2B8F97DD2AA7F34800616200 /* Products */;
			projectDirPath = "";
			projectRoot = "";
			targets = (
				2B8F97DB2AA7F34800616200 /* Notes */,
				2B8F97E12AA7F34800616200 /* Notes Watch App */,
			);
		};
/* End PBXProject section */

/* Begin PBXResourcesBuildPhase section */
		2B8F97DA2AA7F34800616200 /* Resources */ = {
			isa = PBXResourcesBuildPhase;
			buildActionMask = 2147483647;
			files = (
			);
			runOnlyForDeploymentPostprocessing = 0;
		};
		2B8F97E02AA7F34800616200 /* Resources */ = {
			isa = PBXResourcesBuildPhase;
			buildActionMask = 2147483647;
			files = (
				2B8F97EF2AA7F34A00616200 /* Preview Assets.xcassets in Resources */,
				2B8F97EC2AA7F34A00616200 /* Assets.xcassets in Resources */,
			);
			runOnlyForDeploymentPostprocessing = 0;
		};
/* End PBXResourcesBuildPhase section */

/* Begin PBXSourcesBuildPhase section */
		2B8F97DE2AA7F34800616200 /* Sources */ = {
			isa = PBXSourcesBuildPhase;
			buildActionMask = 2147483647;
			files = (
				2B8F97EA2AA7F34900616200 /* ContentView.swift in Sources */,
				2B6928612AA87CA6007166E2 /* HeaderView.swift in Sources */,
				2B69285C2AA8750D007166E2 /* DetailView.swift in Sources */,
				2B9889922AA8832F00A4CAA4 /* SettingView.swift in Sources */,
				2B8F97E82AA7F34900616200 /* NotesApp.swift in Sources */,
				2B69285E2AA87C44007166E2 /* CreditsView.swift in Sources */,
				2B8F97FD2AA831AC00616200 /* Note.swift in Sources */,
			);
			runOnlyForDeploymentPostprocessing = 0;
		};
/* End PBXSourcesBuildPhase section */

/* Begin PBXTargetDependency section */
		2B8F97E52AA7F34900616200 /* PBXTargetDependency */ = {
			isa = PBXTargetDependency;
			target = 2B8F97E12AA7F34800616200 /* Notes Watch App */;
			targetProxy = 2B8F97E42AA7F34900616200 /* PBXContainerItemProxy */;
		};
/* End PBXTargetDependency section */

/* Begin XCBuildConfiguration section */
		2B8F97F02AA7F34A00616200 /* Debug */ = {
			isa = XCBuildConfiguration;
			buildSettings = {
				ALWAYS_SEARCH_USER_PATHS = NO;
				CLANG_ANALYZER_NONNULL = YES;
				CLANG_ANALYZER_NUMBER_OBJECT_CONVERSION = YES_AGGRESSIVE;
				CLANG_CXX_LANGUAGE_STANDARD = "gnu++20";
				CLANG_ENABLE_MODULES = YES;
				CLANG_ENABLE_OBJC_ARC = YES;
				CLANG_ENABLE_OBJC_WEAK = YES;
				CLANG_WARN_BLOCK_CAPTURE_AUTORELEASING = YES;
				CLANG_WARN_BOOL_CONVERSION = YES;
				CLANG_WARN_COMMA = YES;
				CLANG_WARN_CONSTANT_CONVERSION = YES;
				CLANG_WARN_DEPRECATED_OBJC_IMPLEMENTATIONS = YES;
				CLANG_WARN_DIRECT_OBJC_ISA_USAGE = YES_ERROR;
				CLANG_WARN_DOCUMENTATION_COMMENTS = YES;
				CLANG_WARN_EMPTY_BODY = YES;
				CLANG_WARN_ENUM_CONVERSION = YES;
				CLANG_WARN_INFINITE_RECURSION = YES;
				CLANG_WARN_INT_CONVERSION = YES;
				CLANG_WARN_NON_LITERAL_NULL_CONVERSION = YES;
				CLANG_WARN_OBJC_IMPLICIT_RETAIN_SELF = YES;
				CLANG_WARN_OBJC_LITERAL_CONVERSION = YES;
				CLANG_WARN_OBJC_ROOT_CLASS = YES_ERROR;
				CLANG_WARN_QUOTED_INCLUDE_IN_FRAMEWORK_HEADER = YES;
				CLANG_WARN_RANGE_LOOP_ANALYSIS = YES;
				CLANG_WARN_STRICT_PROTOTYPES = YES;
				CLANG_WARN_SUSPICIOUS_MOVE = YES;
				CLANG_WARN_UNGUARDED_AVAILABILITY = YES_AGGRESSIVE;
				CLANG_WARN_UNREACHABLE_CODE = YES;
				CLANG_WARN__DUPLICATE_METHOD_MATCH = YES;
				COPY_PHASE_STRIP = NO;
				DEBUG_INFORMATION_FORMAT = dwarf;
				ENABLE_STRICT_OBJC_MSGSEND = YES;
				ENABLE_TESTABILITY = YES;
				GCC_C_LANGUAGE_STANDARD = gnu11;
				GCC_DYNAMIC_NO_PIC = NO;
				GCC_NO_COMMON_BLOCKS = YES;
				GCC_OPTIMIZATION_LEVEL = 0;
				GCC_PREPROCESSOR_DEFINITIONS = (
					"DEBUG=1",
					"$(inherited)",
				);
				GCC_WARN_64_TO_32_BIT_CONVERSION = YES;
				GCC_WARN_ABOUT_RETURN_TYPE = YES_ERROR;
				GCC_WARN_UNDECLARED_SELECTOR = YES;
				GCC_WARN_UNINITIALIZED_AUTOS = YES_AGGRESSIVE;
				GCC_WARN_UNUSED_FUNCTION = YES;
				GCC_WARN_UNUSED_VARIABLE = YES;
				MTL_ENABLE_DEBUG_INFO = INCLUDE_SOURCE;
				MTL_FAST_MATH = YES;
				ONLY_ACTIVE_ARCH = YES;
				SWIFT_ACTIVE_COMPILATION_CONDITIONS = DEBUG;
				SWIFT_OPTIMIZATION_LEVEL = "-Onone";
			};
			name = Debug;
		};
		2B8F97F12AA7F34A00616200 /* Release */ = {
			isa = XCBuildConfiguration;
			buildSettings = {
				ALWAYS_SEARCH_USER_PATHS = NO;
				CLANG_ANALYZER_NONNULL = YES;
				CLANG_ANALYZER_NUMBER_OBJECT_CONVERSION = YES_AGGRESSIVE;
				CLANG_CXX_LANGUAGE_STANDARD = "gnu++20";
				CLANG_ENABLE_MODULES = YES;
				CLANG_ENABLE_OBJC_ARC = YES;
				CLANG_ENABLE_OBJC_WEAK = YES;
				CLANG_WARN_BLOCK_CAPTURE_AUTORELEASING = YES;
				CLANG_WARN_BOOL_CONVERSION = YES;
				CLANG_WARN_COMMA = YES;
				CLANG_WARN_CONSTANT_CONVERSION = YES;
				CLANG_WARN_DEPRECATED_OBJC_IMPLEMENTATIONS = YES;
				CLANG_WARN_DIRECT_OBJC_ISA_USAGE = YES_ERROR;
				CLANG_WARN_DOCUMENTATION_COMMENTS = YES;
				CLANG_WARN_EMPTY_BODY = YES;
				CLANG_WARN_ENUM_CONVERSION = YES;
				CLANG_WARN_INFINITE_RECURSION = YES;
				CLANG_WARN_INT_CONVERSION = YES;
				CLANG_WARN_NON_LITERAL_NULL_CONVERSION = YES;
				CLANG_WARN_OBJC_IMPLICIT_RETAIN_SELF = YES;
				CLANG_WARN_OBJC_LITERAL_CONVERSION = YES;
				CLANG_WARN_OBJC_ROOT_CLASS = YES_ERROR;
				CLANG_WARN_QUOTED_INCLUDE_IN_FRAMEWORK_HEADER = YES;
				CLANG_WARN_RANGE_LOOP_ANALYSIS = YES;
				CLANG_WARN_STRICT_PROTOTYPES = YES;
				CLANG_WARN_SUSPICIOUS_MOVE = YES;
				CLANG_WARN_UNGUARDED_AVAILABILITY = YES_AGGRESSIVE;
				CLANG_WARN_UNREACHABLE_CODE = YES;
				CLANG_WARN__DUPLICATE_METHOD_MATCH = YES;
				COPY_PHASE_STRIP = NO;
				DEBUG_INFORMATION_FORMAT = "dwarf-with-dsym";
				ENABLE_NS_ASSERTIONS = NO;
				ENABLE_STRICT_OBJC_MSGSEND = YES;
				GCC_C_LANGUAGE_STANDARD = gnu11;
				GCC_NO_COMMON_BLOCKS = YES;
				GCC_WARN_64_TO_32_BIT_CONVERSION = YES;
				GCC_WARN_ABOUT_RETURN_TYPE = YES_ERROR;
				GCC_WARN_UNDECLARED_SELECTOR = YES;
				GCC_WARN_UNINITIALIZED_AUTOS = YES_AGGRESSIVE;
				GCC_WARN_UNUSED_FUNCTION = YES;
				GCC_WARN_UNUSED_VARIABLE = YES;
				MTL_ENABLE_DEBUG_INFO = NO;
				MTL_FAST_MATH = YES;
				SWIFT_COMPILATION_MODE = wholemodule;
				SWIFT_OPTIMIZATION_LEVEL = "-O";
			};
			name = Release;
		};
		2B8F97F32AA7F34A00616200 /* Debug */ = {
			isa = XCBuildConfiguration;
			buildSettings = {
				ASSETCATALOG_COMPILER_APPICON_NAME = AppIcon;
				ASSETCATALOG_COMPILER_GLOBAL_ACCENT_COLOR_NAME = AccentColor;
				CODE_SIGN_STYLE = Automatic;
				CURRENT_PROJECT_VERSION = 1;
				DEVELOPMENT_ASSET_PATHS = "\"Notes Watch App/Preview Content\"";
				DEVELOPMENT_TEAM = 8HM2XMG9QM;
				ENABLE_PREVIEWS = YES;
				GENERATE_INFOPLIST_FILE = YES;
				INFOPLIST_FILE = "Notes-Watch-App-Info.plist";
				INFOPLIST_KEY_CFBundleDisplayName = Notes;
				INFOPLIST_KEY_UISupportedInterfaceOrientations = "UIInterfaceOrientationPortrait UIInterfaceOrientationPortraitUpsideDown";
				INFOPLIST_KEY_WKWatchOnly = YES;
				LD_RUNPATH_SEARCH_PATHS = (
					"$(inherited)",
					"@executable_path/Frameworks",
				);
				MARKETING_VERSION = 1.0;
				PRODUCT_BUNDLE_IDENTIFIER = com.taewonyoon.Notes.watchkitapp;
				PRODUCT_NAME = "$(TARGET_NAME)";
				SDKROOT = watchos;
				SKIP_INSTALL = YES;
				SWIFT_EMIT_LOC_STRINGS = YES;
				SWIFT_VERSION = 5.0;
				TARGETED_DEVICE_FAMILY = 4;
				WATCHOS_DEPLOYMENT_TARGET = 9.4;
			};
			name = Debug;
		};
		2B8F97F42AA7F34A00616200 /* Release */ = {
			isa = XCBuildConfiguration;
			buildSettings = {
				ASSETCATALOG_COMPILER_APPICON_NAME = AppIcon;
				ASSETCATALOG_COMPILER_GLOBAL_ACCENT_COLOR_NAME = AccentColor;
				CODE_SIGN_STYLE = Automatic;
				CURRENT_PROJECT_VERSION = 1;
				DEVELOPMENT_ASSET_PATHS = "\"Notes Watch App/Preview Content\"";
				DEVELOPMENT_TEAM = 8HM2XMG9QM;
				ENABLE_PREVIEWS = YES;
				GENERATE_INFOPLIST_FILE = YES;
				INFOPLIST_FILE = "Notes-Watch-App-Info.plist";
				INFOPLIST_KEY_CFBundleDisplayName = Notes;
				INFOPLIST_KEY_UISupportedInterfaceOrientations = "UIInterfaceOrientationPortrait UIInterfaceOrientationPortraitUpsideDown";
				INFOPLIST_KEY_WKWatchOnly = YES;
				LD_RUNPATH_SEARCH_PATHS = (
					"$(inherited)",
					"@executable_path/Frameworks",
				);
				MARKETING_VERSION = 1.0;
				PRODUCT_BUNDLE_IDENTIFIER = com.taewonyoon.Notes.watchkitapp;
				PRODUCT_NAME = "$(TARGET_NAME)";
				SDKROOT = watchos;
				SKIP_INSTALL = YES;
				SWIFT_EMIT_LOC_STRINGS = YES;
				SWIFT_VERSION = 5.0;
				TARGETED_DEVICE_FAMILY = 4;
				VALIDATE_PRODUCT = YES;
				WATCHOS_DEPLOYMENT_TARGET = 9.4;
			};
			name = Release;
		};
		2B8F97F72AA7F34A00616200 /* Debug */ = {
			isa = XCBuildConfiguration;
			buildSettings = {
				ALWAYS_EMBED_SWIFT_STANDARD_LIBRARIES = YES;
				CODE_SIGN_STYLE = Automatic;
				CURRENT_PROJECT_VERSION = 1;
				DEVELOPMENT_TEAM = 8HM2XMG9QM;
				INFOPLIST_KEY_CFBundleDisplayName = Notes;
				MARKETING_VERSION = 1.0;
				PRODUCT_BUNDLE_IDENTIFIER = com.taewonyoon.Notes;
				PRODUCT_NAME = "$(TARGET_NAME)";
				SDKROOT = iphoneos;
				SWIFT_VERSION = 5.0;
			};
			name = Debug;
		};
		2B8F97F82AA7F34A00616200 /* Release */ = {
			isa = XCBuildConfiguration;
			buildSettings = {
				ALWAYS_EMBED_SWIFT_STANDARD_LIBRARIES = YES;
				CODE_SIGN_STYLE = Automatic;
				CURRENT_PROJECT_VERSION = 1;
				DEVELOPMENT_TEAM = 8HM2XMG9QM;
				INFOPLIST_KEY_CFBundleDisplayName = Notes;
				MARKETING_VERSION = 1.0;
				PRODUCT_BUNDLE_IDENTIFIER = com.taewonyoon.Notes;
				PRODUCT_NAME = "$(TARGET_NAME)";
				SDKROOT = iphoneos;
				SWIFT_VERSION = 5.0;
				VALIDATE_PRODUCT = YES;
			};
			name = Release;
		};
/* End XCBuildConfiguration section */

/* Begin XCConfigurationList section */
		2B8F97D92AA7F34800616200 /* Build configuration list for PBXProject "Notes" */ = {
			isa = XCConfigurationList;
			buildConfigurations = (
				2B8F97F02AA7F34A00616200 /* Debug */,
				2B8F97F12AA7F34A00616200 /* Release */,
			);
			defaultConfigurationIsVisible = 0;
			defaultConfigurationName = Release;
		};
		2B8F97F22AA7F34A00616200 /* Build configuration list for PBXNativeTarget "Notes Watch App" */ = {
			isa = XCConfigurationList;
			buildConfigurations = (
				2B8F97F32AA7F34A00616200 /* Debug */,
				2B8F97F42AA7F34A00616200 /* Release */,
			);
			defaultConfigurationIsVisible = 0;
			defaultConfigurationName = Release;
		};
		2B8F97F62AA7F34A00616200 /* Build configuration list for PBXNativeTarget "Notes" */ = {
			isa = XCConfigurationList;
			buildConfigurations = (
				2B8F97F72AA7F34A00616200 /* Debug */,
				2B8F97F82AA7F34A00616200 /* Release */,
			);
			defaultConfigurationIsVisible = 0;
			defaultConfigurationName = Release;
		};
/* End XCConfigurationList section */
	};
	rootObject = 2B8F97D62AA7F34800616200 /* Project object */;
}
